
Microsoft Visual Studio Solution File, Format Version 12.00
# Visual Studio Version 17
VisualStudioVersion = 17.4.33020.496
MinimumVisualStudioVersion = 10.0.40219.1
Project("{9A19103F-16F7-4668-BE54-9A1E7A4F7556}") = "CriFs.V2.Hook", "CriFs.V2.Hook\CriFs.V2.Hook.csproj", "{35116871-4105-45BC-BB9F-C064E3EADBAA}"
EndProject
Project("{2150E333-8FDC-42A3-9474-1A3956D46DE8}") = "Interfaces", "Interfaces", "{04F25D24-DC05-4F7F-9040-4BF143A53FB4}"
EndProject
Project("{9A19103F-16F7-4668-BE54-9A1E7A4F7556}") = "CriFs.V2.Hook.Tests", "CriFs.V2.Hook.Tests\CriFs.V2.Hook.Tests.csproj", "{002E745C-5277-42A7-A8D7-87D2DF0F1E09}"
EndProject
Project("{9A19103F-16F7-4668-BE54-9A1E7A4F7556}") = "CriFs.V2.Hook.Interfaces", "Interfaces\CriFs.V2.Hook.Interfaces\CriFs.V2.Hook.Interfaces.csproj", "{1765828A-7E79-4500-B277-6073E123AF29}"
EndProject
Project("{2150E333-8FDC-42A3-9474-1A3956D46DE8}") = "Extensions", "Extensions", "{675C1595-66B0-4D88-91CC-578825D8A253}"
EndProject
Project("{FAE04EC0-301F-11D3-BF4B-00C04F79EFBC}") = "CriFs.V2.Hook.Awb", "Extensions\CriFs.V2.Hook.Awb\CriFs.V2.Hook.Awb.csproj", "{729A13F3-0752-41EA-805F-F4EC2BEB57D4}"
EndProject
Project("{2150E333-8FDC-42A3-9474-1A3956D46DE8}") = "Submodules", "Submodules", "{0A1E7695-22B9-4B74-8C94-829D22B0BDB1}"
EndProject
Project("{FAE04EC0-301F-11D3-BF4B-00C04F79EFBC}") = "AWB.Stream.Emulator.Interfaces", "Submodules\FileEmulationFramework\Emulator\Interfaces\AWB.Stream.Emulator.Interfaces\AWB.Stream.Emulator.Interfaces.csproj", "{4AC910D5-B6E3-4129-ACEE-FFD2F0420CA6}"
EndProject
Global
	GlobalSection(SolutionConfigurationPlatforms) = preSolution
		Debug|Any CPU = Debug|Any CPU
		Release|Any CPU = Release|Any CPU
	EndGlobalSection
	GlobalSection(ProjectConfigurationPlatforms) = postSolution
		{35116871-4105-45BC-BB9F-C064E3EADBAA}.Debug|Any CPU.ActiveCfg = Debug|Any CPU
		{35116871-4105-45BC-BB9F-C064E3EADBAA}.Debug|Any CPU.Build.0 = Debug|Any CPU
		{35116871-4105-45BC-BB9F-C064E3EADBAA}.Release|Any CPU.ActiveCfg = Release|Any CPU
		{35116871-4105-45BC-BB9F-C064E3EADBAA}.Release|Any CPU.Build.0 = Release|Any CPU
		{002E745C-5277-42A7-A8D7-87D2DF0F1E09}.Debug|Any CPU.ActiveCfg = Debug|Any CPU
		{002E745C-5277-42A7-A8D7-87D2DF0F1E09}.Debug|Any CPU.Build.0 = Debug|Any CPU
		{002E745C-5277-42A7-A8D7-87D2DF0F1E09}.Release|Any CPU.ActiveCfg = Release|Any CPU
		{002E745C-5277-42A7-A8D7-87D2DF0F1E09}.Release|Any CPU.Build.0 = Release|Any CPU
		{1765828A-7E79-4500-B277-6073E123AF29}.Debug|Any CPU.ActiveCfg = Debug|Any CPU
		{1765828A-7E79-4500-B277-6073E123AF29}.Debug|Any CPU.Build.0 = Debug|Any CPU
		{1765828A-7E79-4500-B277-6073E123AF29}.Release|Any CPU.ActiveCfg = Release|Any CPU
		{1765828A-7E79-4500-B277-6073E123AF29}.Release|Any CPU.Build.0 = Release|Any CPU
		{729A13F3-0752-41EA-805F-F4EC2BEB57D4}.Debug|Any CPU.ActiveCfg = Debug|Any CPU
		{729A13F3-0752-41EA-805F-F4EC2BEB57D4}.Debug|Any CPU.Build.0 = Debug|Any CPU
		{729A13F3-0752-41EA-805F-F4EC2BEB57D4}.Release|Any CPU.ActiveCfg = Release|Any CPU
		{729A13F3-0752-41EA-805F-F4EC2BEB57D4}.Release|Any CPU.Build.0 = Release|Any CPU
		{4AC910D5-B6E3-4129-ACEE-FFD2F0420CA6}.Debug|Any CPU.ActiveCfg = Debug|Any CPU
		{4AC910D5-B6E3-4129-ACEE-FFD2F0420CA6}.Debug|Any CPU.Build.0 = Debug|Any CPU
		{4AC910D5-B6E3-4129-ACEE-FFD2F0420CA6}.Release|Any CPU.ActiveCfg = Release|Any CPU
		{4AC910D5-B6E3-4129-ACEE-FFD2F0420CA6}.Release|Any CPU.Build.0 = Release|Any CPU
	EndGlobalSection
	GlobalSection(SolutionProperties) = preSolution
		HideSolutionNode = FALSE
	EndGlobalSection
	GlobalSection(NestedProjects) = preSolution
		{1765828A-7E79-4500-B277-6073E123AF29} = {04F25D24-DC05-4F7F-9040-4BF143A53FB4}
		{729A13F3-0752-41EA-805F-F4EC2BEB57D4} = {675C1595-66B0-4D88-91CC-578825D8A253}
		{4AC910D5-B6E3-4129-ACEE-FFD2F0420CA6} = {0A1E7695-22B9-4B74-8C94-829D22B0BDB1}
	EndGlobalSection
	GlobalSection(ExtensibilityGlobals) = postSolution
		SolutionGuid = {0CA0F433-E3A1-46EE-9D5F-FC5527450B87}
	EndGlobalSection
EndGlobal
